PODS:
  - MediaPipeTasksCommon (0.10.21)
  - MediaPipeTasksText (0.10.21):
    - MediaPipeTasksCommon (= 0.10.21)

DEPENDENCIES:
  - MediaPipeTasksText

SPEC REPOS:
  trunk:
    - MediaPipeTasksCommon
    - MediaPipeTasksText

SPEC CHECKSUMS:
  MediaPipeTasksCommon: 6cfa29170d4900f04d250ad95ec058f14a741f38
  MediaPipeTasksText: aa2536ed8c9b44cccc08eb2620fc48ad17121ac9

PODFILE CHECKSUM: 22e314e653d3cc783d758994577e8a63c6f5e78e

COCOAPODS: 1.16.2
